
Microsoft Visual Studio Solution File, Format Version 12.00
# Visual Studio Version 16
VisualStudioVersion = 16.0.31410.223
MinimumVisualStudioVersion = 10.0.40219.1
Project("{D954291E-2A0B-460D-934E-DC6B0785DB48}") = "POSUNO.Shared", "POSUNO\POSUNO.Shared\POSUNO.Shared.shproj", "{6279C845-92F8-4333-AB99-3D213163593C}"
EndProject
Project("{2150E333-8FDC-42A3-9474-1A3956D46DE8}") = "Platforms", "Platforms", "{F706E75D-231A-4F10-AC82-9976247A49CE}"
EndProject
Project("{FAE04EC0-301F-11D3-BF4B-00C04F79EFBC}") = "POSUNO.Droid", "POSUNO\POSUNO.Droid\POSUNO.Droid.csproj", "{D6D22E59-834C-4FC7-A3F2-83D24B5B837C}"
EndProject
Project("{FAE04EC0-301F-11D3-BF4B-00C04F79EFBC}") = "POSUNO.iOS", "POSUNO\POSUNO.iOS\POSUNO.iOS.csproj", "{3E50EBE2-1399-486B-830B-7615C7AFD9D3}"
EndProject
Project("{FAE04EC0-301F-11D3-BF4B-00C04F79EFBC}") = "POSUNO.UWP", "POSUNO\POSUNO.UWP\POSUNO.UWP.csproj", "{64121CCD-27AC-434A-8069-663A11EE5F53}"
EndProject
Project("{FAE04EC0-301F-11D3-BF4B-00C04F79EFBC}") = "POSUNO.Wasm", "POSUNO\POSUNO.Wasm\POSUNO.Wasm.csproj", "{C863A90E-E8FA-4AAB-A845-349DF16D30C5}"
EndProject
Project("{FAE04EC0-301F-11D3-BF4B-00C04F79EFBC}") = "POSUNO.macOS", "POSUNO\POSUNO.macOS\POSUNO.macOS.csproj", "{1F192CF2-376D-4F2E-B60C-570CA8595F23}"
EndProject
Project("{FAE04EC0-301F-11D3-BF4B-00C04F79EFBC}") = "POSUNO.Skia.Wpf.Host", "POSUNO\POSUNO.Skia.Wpf.Host\POSUNO.Skia.Wpf.Host.csproj", "{7E728690-12EF-4F2A-B231-3648120FC561}"
EndProject
Project("{FAE04EC0-301F-11D3-BF4B-00C04F79EFBC}") = "POSUNO.Skia.Wpf", "POSUNO\POSUNO.Skia.Wpf\POSUNO.Skia.Wpf.csproj", "{4BEF4BF8-7A93-4048-BB09-3DCB2F8EE15F}"
EndProject
Project("{FAE04EC0-301F-11D3-BF4B-00C04F79EFBC}") = "POSUNO.Skia.Gtk", "POSUNO\POSUNO.Skia.Gtk\POSUNO.Skia.Gtk.csproj", "{4932F04F-7B20-4D87-8B8B-FF7BD454ABBE}"
EndProject
Project("{FAE04EC0-301F-11D3-BF4B-00C04F79EFBC}") = "POSUNO.Skia.Tizen", "POSUNO\POSUNO.Skia.Tizen\POSUNO.Skia.Tizen.csproj", "{264A685B-EF87-4921-9DA8-1559DD15B099}"
EndProject
Project("{FAE04EC0-301F-11D3-BF4B-00C04F79EFBC}") = "POSUNO.Api", "POSUNO.Api\POSUNO.Api.csproj", "{73E09486-E851-4DB8-80C9-6D5499544784}"
EndProject
Global
	GlobalSection(SharedMSBuildProjectFiles) = preSolution
		POSUNO\POSUNO.Shared\POSUNO.Shared.projitems*{1f192cf2-376d-4f2e-b60c-570ca8595f23}*SharedItemsImports = 4
		POSUNO\POSUNO.Shared\POSUNO.Shared.projitems*{264a685b-ef87-4921-9da8-1559dd15b099}*SharedItemsImports = 5
		POSUNO\POSUNO.Shared\POSUNO.Shared.projitems*{3e50ebe2-1399-486b-830b-7615c7afd9d3}*SharedItemsImports = 4
		POSUNO\POSUNO.Shared\POSUNO.Shared.projitems*{4932f04f-7b20-4d87-8b8b-ff7bd454abbe}*SharedItemsImports = 5
		POSUNO\POSUNO.Shared\POSUNO.Shared.projitems*{4bef4bf8-7a93-4048-bb09-3dcb2f8ee15f}*SharedItemsImports = 5
		POSUNO\POSUNO.Shared\POSUNO.Shared.projitems*{6279c845-92f8-4333-ab99-3d213163593c}*SharedItemsImports = 13
		POSUNO\POSUNO.Shared\POSUNO.Shared.projitems*{64121ccd-27ac-434a-8069-663a11ee5f53}*SharedItemsImports = 4
		POSUNO\POSUNO.Shared\POSUNO.Shared.projitems*{c863a90e-e8fa-4aab-a845-349df16d30c5}*SharedItemsImports = 5
		POSUNO\POSUNO.Shared\POSUNO.Shared.projitems*{d6d22e59-834c-4fc7-a3f2-83d24b5b837c}*SharedItemsImports = 4
	EndGlobalSection
	GlobalSection(SolutionConfigurationPlatforms) = preSolution
		Ad-Hoc|Any CPU = Ad-Hoc|Any CPU
		Ad-Hoc|ARM = Ad-Hoc|ARM
		Ad-Hoc|ARM64 = Ad-Hoc|ARM64
		Ad-Hoc|iPhone = Ad-Hoc|iPhone
		Ad-Hoc|iPhoneSimulator = Ad-Hoc|iPhoneSimulator
		Ad-Hoc|x64 = Ad-Hoc|x64
		Ad-Hoc|x86 = Ad-Hoc|x86
		AppStore|Any CPU = AppStore|Any CPU
		AppStore|ARM = AppStore|ARM
		AppStore|ARM64 = AppStore|ARM64
		AppStore|iPhone = AppStore|iPhone
		AppStore|iPhoneSimulator = AppStore|iPhoneSimulator
		AppStore|x64 = AppStore|x64
		AppStore|x86 = AppStore|x86
		Debug|Any CPU = Debug|Any CPU
		Debug|ARM = Debug|ARM
		Debug|ARM64 = Debug|ARM64
		Debug|iPhone = Debug|iPhone
		Debug|iPhoneSimulator = Debug|iPhoneSimulator
		Debug|x64 = Debug|x64
		Debug|x86 = Debug|x86
		Release|Any CPU = Release|Any CPU
		Release|ARM = Release|ARM
		Release|ARM64 = Release|ARM64
		Release|iPhone = Release|iPhone
		Release|iPhoneSimulator = Release|iPhoneSimulator
		Release|x64 = Release|x64
		Release|x86 = Release|x86
	EndGlobalSection
	GlobalSection(ProjectConfigurationPlatforms) = postSolution
		{D6D22E59-834C-4FC7-A3F2-83D24B5B837C}.Ad-Hoc|Any CPU.ActiveCfg = Debug|Any CPU
		{D6D22E59-834C-4FC7-A3F2-83D24B5B837C}.Ad-Hoc|Any CPU.Build.0 = Debug|Any CPU
		{D6D22E59-834C-4FC7-A3F2-83D24B5B837C}.Ad-Hoc|Any CPU.Deploy.0 = Debug|Any CPU
		{D6D22E59-834C-4FC7-A3F2-83D24B5B837C}.Ad-Hoc|ARM.ActiveCfg = Debug|Any CPU
		{D6D22E59-834C-4FC7-A3F2-83D24B5B837C}.Ad-Hoc|ARM.Build.0 = Debug|Any CPU
		{D6D22E59-834C-4FC7-A3F2-83D24B5B837C}.Ad-Hoc|ARM.Deploy.0 = Debug|Any CPU
		{D6D22E59-834C-4FC7-A3F2-83D24B5B837C}.Ad-Hoc|ARM64.ActiveCfg = Debug|Any CPU
		{D6D22E59-834C-4FC7-A3F2-83D24B5B837C}.Ad-Hoc|ARM64.Build.0 = Debug|Any CPU
		{D6D22E59-834C-4FC7-A3F2-83D24B5B837C}.Ad-Hoc|ARM64.Deploy.0 = Debug|Any CPU
		{D6D22E59-834C-4FC7-A3F2-83D24B5B837C}.Ad-Hoc|iPhone.ActiveCfg = Debug|Any CPU
		{D6D22E59-834C-4FC7-A3F2-83D24B5B837C}.Ad-Hoc|iPhone.Build.0 = Debug|Any CPU
		{D6D22E59-834C-4FC7-A3F2-83D24B5B837C}.Ad-Hoc|iPhone.Deploy.0 = Debug|Any CPU
		{D6D22E59-834C-4FC7-A3F2-83D24B5B837C}.Ad-Hoc|iPhoneSimulator.ActiveCfg = Debug|Any CPU
		{D6D22E59-834C-4FC7-A3F2-83D24B5B837C}.Ad-Hoc|iPhoneSimulator.Build.0 = Debug|Any CPU
		{D6D22E59-834C-4FC7-A3F2-83D24B5B837C}.Ad-Hoc|iPhoneSimulator.Deploy.0 = Debug|Any CPU
		{D6D22E59-834C-4FC7-A3F2-83D24B5B837C}.Ad-Hoc|x64.ActiveCfg = Debug|Any CPU
		{D6D22E59-834C-4FC7-A3F2-83D24B5B837C}.Ad-Hoc|x64.Build.0 = Debug|Any CPU
		{D6D22E59-834C-4FC7-A3F2-83D24B5B837C}.Ad-Hoc|x64.Deploy.0 = Debug|Any CPU
		{D6D22E59-834C-4FC7-A3F2-83D24B5B837C}.Ad-Hoc|x86.ActiveCfg = Debug|Any CPU
		{D6D22E59-834C-4FC7-A3F2-83D24B5B837C}.Ad-Hoc|x86.Build.0 = Debug|Any CPU
		{D6D22E59-834C-4FC7-A3F2-83D24B5B837C}.Ad-Hoc|x86.Deploy.0 = Debug|Any CPU
		{D6D22E59-834C-4FC7-A3F2-83D24B5B837C}.AppStore|Any CPU.ActiveCfg = Debug|Any CPU
		{D6D22E59-834C-4FC7-A3F2-83D24B5B837C}.AppStore|Any CPU.Build.0 = Debug|Any CPU
		{D6D22E59-834C-4FC7-A3F2-83D24B5B837C}.AppStore|Any CPU.Deploy.0 = Debug|Any CPU
		{D6D22E59-834C-4FC7-A3F2-83D24B5B837C}.AppStore|ARM.ActiveCfg = Debug|Any CPU
		{D6D22E59-834C-4FC7-A3F2-83D24B5B837C}.AppStore|ARM.Build.0 = Debug|Any CPU
		{D6D22E59-834C-4FC7-A3F2-83D24B5B837C}.AppStore|ARM.Deploy.0 = Debug|Any CPU
		{D6D22E59-834C-4FC7-A3F2-83D24B5B837C}.AppStore|ARM64.ActiveCfg = Debug|Any CPU
		{D6D22E59-834C-4FC7-A3F2-83D24B5B837C}.AppStore|ARM64.Build.0 = Debug|Any CPU
		{D6D22E59-834C-4FC7-A3F2-83D24B5B837C}.AppStore|ARM64.Deploy.0 = Debug|Any CPU
		{D6D22E59-834C-4FC7-A3F2-83D24B5B837C}.AppStore|iPhone.ActiveCfg = Debug|Any CPU
		{D6D22E59-834C-4FC7-A3F2-83D24B5B837C}.AppStore|iPhone.Build.0 = Debug|Any CPU
		{D6D22E59-834C-4FC7-A3F2-83D24B5B837C}.AppStore|iPhone.Deploy.0 = Debug|Any CPU
		{D6D22E59-834C-4FC7-A3F2-83D24B5B837C}.AppStore|iPhoneSimulator.ActiveCfg = Debug|Any CPU
		{D6D22E59-834C-4FC7-A3F2-83D24B5B837C}.AppStore|iPhoneSimulator.Build.0 = Debug|Any CPU
		{D6D22E59-834C-4FC7-A3F2-83D24B5B837C}.AppStore|iPhoneSimulator.Deploy.0 = Debug|Any CPU
		{D6D22E59-834C-4FC7-A3F2-83D24B5B837C}.AppStore|x64.ActiveCfg = Debug|Any CPU
		{D6D22E59-834C-4FC7-A3F2-83D24B5B837C}.AppStore|x64.Build.0 = Debug|Any CPU
		{D6D22E59-834C-4FC7-A3F2-83D24B5B837C}.AppStore|x64.Deploy.0 = Debug|Any CPU
		{D6D22E59-834C-4FC7-A3F2-83D24B5B837C}.AppStore|x86.ActiveCfg = Debug|Any CPU
		{D6D22E59-834C-4FC7-A3F2-83D24B5B837C}.AppStore|x86.Build.0 = Debug|Any CPU
		{D6D22E59-834C-4FC7-A3F2-83D24B5B837C}.AppStore|x86.Deploy.0 = Debug|Any CPU
		{D6D22E59-834C-4FC7-A3F2-83D24B5B837C}.Debug|Any CPU.ActiveCfg = Debug|Any CPU
		{D6D22E59-834C-4FC7-A3F2-83D24B5B837C}.Debug|Any CPU.Build.0 = Debug|Any CPU
		{D6D22E59-834C-4FC7-A3F2-83D24B5B837C}.Debug|Any CPU.Deploy.0 = Debug|Any CPU
		{D6D22E59-834C-4FC7-A3F2-83D24B5B837C}.Debug|ARM.ActiveCfg = Debug|Any CPU
		{D6D22E59-834C-4FC7-A3F2-83D24B5B837C}.Debug|ARM.Build.0 = Debug|Any CPU
		{D6D22E59-834C-4FC7-A3F2-83D24B5B837C}.Debug|ARM.Deploy.0 = Debug|Any CPU
		{D6D22E59-834C-4FC7-A3F2-83D24B5B837C}.Debug|ARM64.ActiveCfg = Debug|Any CPU
		{D6D22E59-834C-4FC7-A3F2-83D24B5B837C}.Debug|ARM64.Build.0 = Debug|Any CPU
		{D6D22E59-834C-4FC7-A3F2-83D24B5B837C}.Debug|ARM64.Deploy.0 = Debug|Any CPU
		{D6D22E59-834C-4FC7-A3F2-83D24B5B837C}.Debug|iPhone.ActiveCfg = Debug|Any CPU
		{D6D22E59-834C-4FC7-A3F2-83D24B5B837C}.Debug|iPhone.Build.0 = Debug|Any CPU
		{D6D22E59-834C-4FC7-A3F2-83D24B5B837C}.Debug|iPhone.Deploy.0 = Debug|Any CPU
		{D6D22E59-834C-4FC7-A3F2-83D24B5B837C}.Debug|iPhoneSimulator.ActiveCfg = Debug|Any CPU
		{D6D22E59-834C-4FC7-A3F2-83D24B5B837C}.Debug|iPhoneSimulator.Build.0 = Debug|Any CPU
		{D6D22E59-834C-4FC7-A3F2-83D24B5B837C}.Debug|iPhoneSimulator.Deploy.0 = Debug|Any CPU
		{D6D22E59-834C-4FC7-A3F2-83D24B5B837C}.Debug|x64.ActiveCfg = Debug|Any CPU
		{D6D22E59-834C-4FC7-A3F2-83D24B5B837C}.Debug|x64.Build.0 = Debug|Any CPU
		{D6D22E59-834C-4FC7-A3F2-83D24B5B837C}.Debug|x64.Deploy.0 = Debug|Any CPU
		{D6D22E59-834C-4FC7-A3F2-83D24B5B837C}.Debug|x86.ActiveCfg = Debug|Any CPU
		{D6D22E59-834C-4FC7-A3F2-83D24B5B837C}.Debug|x86.Build.0 = Debug|Any CPU
		{D6D22E59-834C-4FC7-A3F2-83D24B5B837C}.Debug|x86.Deploy.0 = Debug|Any CPU
		{D6D22E59-834C-4FC7-A3F2-83D24B5B837C}.Release|Any CPU.ActiveCfg = Release|Any CPU
		{D6D22E59-834C-4FC7-A3F2-83D24B5B837C}.Release|Any CPU.Build.0 = Release|Any CPU
		{D6D22E59-834C-4FC7-A3F2-83D24B5B837C}.Release|Any CPU.Deploy.0 = Release|Any CPU
		{D6D22E59-834C-4FC7-A3F2-83D24B5B837C}.Release|ARM.ActiveCfg = Release|Any CPU
		{D6D22E59-834C-4FC7-A3F2-83D24B5B837C}.Release|ARM.Build.0 = Release|Any CPU
		{D6D22E59-834C-4FC7-A3F2-83D24B5B837C}.Release|ARM.Deploy.0 = Release|Any CPU
		{D6D22E59-834C-4FC7-A3F2-83D24B5B837C}.Release|ARM64.ActiveCfg = Release|Any CPU
		{D6D22E59-834C-4FC7-A3F2-83D24B5B837C}.Release|ARM64.Build.0 = Release|Any CPU
		{D6D22E59-834C-4FC7-A3F2-83D24B5B837C}.Release|ARM64.Deploy.0 = Release|Any CPU
		{D6D22E59-834C-4FC7-A3F2-83D24B5B837C}.Release|iPhone.ActiveCfg = Release|Any CPU
		{D6D22E59-834C-4FC7-A3F2-83D24B5B837C}.Release|iPhone.Build.0 = Release|Any CPU
		{D6D22E59-834C-4FC7-A3F2-83D24B5B837C}.Release|iPhone.Deploy.0 = Release|Any CPU
		{D6D22E59-834C-4FC7-A3F2-83D24B5B837C}.Release|iPhoneSimulator.ActiveCfg = Release|Any CPU
		{D6D22E59-834C-4FC7-A3F2-83D24B5B837C}.Release|iPhoneSimulator.Build.0 = Release|Any CPU
		{D6D22E59-834C-4FC7-A3F2-83D24B5B837C}.Release|iPhoneSimulator.Deploy.0 = Release|Any CPU
		{D6D22E59-834C-4FC7-A3F2-83D24B5B837C}.Release|x64.ActiveCfg = Release|Any CPU
		{D6D22E59-834C-4FC7-A3F2-83D24B5B837C}.Release|x64.Build.0 = Release|Any CPU
		{D6D22E59-834C-4FC7-A3F2-83D24B5B837C}.Release|x64.Deploy.0 = Release|Any CPU
		{D6D22E59-834C-4FC7-A3F2-83D24B5B837C}.Release|x86.ActiveCfg = Release|Any CPU
		{D6D22E59-834C-4FC7-A3F2-83D24B5B837C}.Release|x86.Build.0 = Release|Any CPU
		{D6D22E59-834C-4FC7-A3F2-83D24B5B837C}.Release|x86.Deploy.0 = Release|Any CPU
		{3E50EBE2-1399-486B-830B-7615C7AFD9D3}.Ad-Hoc|Any CPU.ActiveCfg = Ad-Hoc|iPhoneSimulator
		{3E50EBE2-1399-486B-830B-7615C7AFD9D3}.Ad-Hoc|ARM.ActiveCfg = Ad-Hoc|iPhoneSimulator
		{3E50EBE2-1399-486B-830B-7615C7AFD9D3}.Ad-Hoc|ARM64.ActiveCfg = Ad-Hoc|iPhoneSimulator
		{3E50EBE2-1399-486B-830B-7615C7AFD9D3}.Ad-Hoc|iPhone.ActiveCfg = Ad-Hoc|iPhone
		{3E50EBE2-1399-486B-830B-7615C7AFD9D3}.Ad-Hoc|iPhone.Build.0 = Ad-Hoc|iPhone
		{3E50EBE2-1399-486B-830B-7615C7AFD9D3}.Ad-Hoc|iPhoneSimulator.ActiveCfg = Ad-Hoc|iPhoneSimulator
		{3E50EBE2-1399-486B-830B-7615C7AFD9D3}.Ad-Hoc|iPhoneSimulator.Build.0 = Ad-Hoc|iPhoneSimulator
		{3E50EBE2-1399-486B-830B-7615C7AFD9D3}.Ad-Hoc|x64.ActiveCfg = Ad-Hoc|iPhoneSimulator
		{3E50EBE2-1399-486B-830B-7615C7AFD9D3}.Ad-Hoc|x86.ActiveCfg = Ad-Hoc|iPhoneSimulator
		{3E50EBE2-1399-486B-830B-7615C7AFD9D3}.AppStore|Any CPU.ActiveCfg = AppStore|iPhoneSimulator
		{3E50EBE2-1399-486B-830B-7615C7AFD9D3}.AppStore|ARM.ActiveCfg = AppStore|iPhoneSimulator
		{3E50EBE2-1399-486B-830B-7615C7AFD9D3}.AppStore|ARM64.ActiveCfg = AppStore|iPhoneSimulator
		{3E50EBE2-1399-486B-830B-7615C7AFD9D3}.AppStore|iPhone.ActiveCfg = AppStore|iPhone
		{3E50EBE2-1399-486B-830B-7615C7AFD9D3}.AppStore|iPhone.Build.0 = AppStore|iPhone
		{3E50EBE2-1399-486B-830B-7615C7AFD9D3}.AppStore|iPhoneSimulator.ActiveCfg = AppStore|iPhoneSimulator
		{3E50EBE2-1399-486B-830B-7615C7AFD9D3}.AppStore|iPhoneSimulator.Build.0 = AppStore|iPhoneSimulator
		{3E50EBE2-1399-486B-830B-7615C7AFD9D3}.AppStore|x64.ActiveCfg = AppStore|iPhoneSimulator
		{3E50EBE2-1399-486B-830B-7615C7AFD9D3}.AppStore|x86.ActiveCfg = AppStore|iPhoneSimulator
		{3E50EBE2-1399-486B-830B-7615C7AFD9D3}.Debug|Any CPU.ActiveCfg = Debug|iPhoneSimulator
		{3E50EBE2-1399-486B-830B-7615C7AFD9D3}.Debug|ARM.ActiveCfg = Debug|iPhoneSimulator
		{3E50EBE2-1399-486B-830B-7615C7AFD9D3}.Debug|ARM64.ActiveCfg = Debug|iPhoneSimulator
		{3E50EBE2-1399-486B-830B-7615C7AFD9D3}.Debug|iPhone.ActiveCfg = Debug|iPhone
		{3E50EBE2-1399-486B-830B-7615C7AFD9D3}.Debug|iPhone.Build.0 = Debug|iPhone
		{3E50EBE2-1399-486B-830B-7615C7AFD9D3}.Debug|iPhoneSimulator.ActiveCfg = Debug|iPhoneSimulator
		{3E50EBE2-1399-486B-830B-7615C7AFD9D3}.Debug|iPhoneSimulator.Build.0 = Debug|iPhoneSimulator
		{3E50EBE2-1399-486B-830B-7615C7AFD9D3}.Debug|x64.ActiveCfg = Debug|iPhoneSimulator
		{3E50EBE2-1399-486B-830B-7615C7AFD9D3}.Debug|x86.ActiveCfg = Debug|iPhoneSimulator
		{3E50EBE2-1399-486B-830B-7615C7AFD9D3}.Release|Any CPU.ActiveCfg = Release|iPhoneSimulator
		{3E50EBE2-1399-486B-830B-7615C7AFD9D3}.Release|ARM.ActiveCfg = Release|iPhoneSimulator
		{3E50EBE2-1399-486B-830B-7615C7AFD9D3}.Release|ARM64.ActiveCfg = Release|iPhoneSimulator
		{3E50EBE2-1399-486B-830B-7615C7AFD9D3}.Release|iPhone.ActiveCfg = Release|iPhone
		{3E50EBE2-1399-486B-830B-7615C7AFD9D3}.Release|iPhone.Build.0 = Release|iPhone
		{3E50EBE2-1399-486B-830B-7615C7AFD9D3}.Release|iPhoneSimulator.ActiveCfg = Release|iPhoneSimulator
		{3E50EBE2-1399-486B-830B-7615C7AFD9D3}.Release|iPhoneSimulator.Build.0 = Release|iPhoneSimulator
		{3E50EBE2-1399-486B-830B-7615C7AFD9D3}.Release|x64.ActiveCfg = Release|iPhoneSimulator
		{3E50EBE2-1399-486B-830B-7615C7AFD9D3}.Release|x86.ActiveCfg = Release|iPhoneSimulator
		{64121CCD-27AC-434A-8069-663A11EE5F53}.Ad-Hoc|Any CPU.ActiveCfg = Debug|x86
		{64121CCD-27AC-434A-8069-663A11EE5F53}.Ad-Hoc|Any CPU.Build.0 = Debug|x86
		{64121CCD-27AC-434A-8069-663A11EE5F53}.Ad-Hoc|Any CPU.Deploy.0 = Debug|x86
		{64121CCD-27AC-434A-8069-663A11EE5F53}.Ad-Hoc|ARM.ActiveCfg = Debug|ARM
		{64121CCD-27AC-434A-8069-663A11EE5F53}.Ad-Hoc|ARM.Build.0 = Debug|ARM
		{64121CCD-27AC-434A-8069-663A11EE5F53}.Ad-Hoc|ARM.Deploy.0 = Debug|ARM
		{64121CCD-27AC-434A-8069-663A11EE5F53}.Ad-Hoc|ARM64.ActiveCfg = Debug|ARM64
		{64121CCD-27AC-434A-8069-663A11EE5F53}.Ad-Hoc|ARM64.Build.0 = Debug|ARM64
		{64121CCD-27AC-434A-8069-663A11EE5F53}.Ad-Hoc|ARM64.Deploy.0 = Debug|ARM64
		{64121CCD-27AC-434A-8069-663A11EE5F53}.Ad-Hoc|iPhone.ActiveCfg = Debug|x86
		{64121CCD-27AC-434A-8069-663A11EE5F53}.Ad-Hoc|iPhone.Build.0 = Debug|x86
		{64121CCD-27AC-434A-8069-663A11EE5F53}.Ad-Hoc|iPhone.Deploy.0 = Debug|x86
		{64121CCD-27AC-434A-8069-663A11EE5F53}.Ad-Hoc|iPhoneSimulator.ActiveCfg = Debug|x86
		{64121CCD-27AC-434A-8069-663A11EE5F53}.Ad-Hoc|iPhoneSimulator.Build.0 = Debug|x86
		{64121CCD-27AC-434A-8069-663A11EE5F53}.Ad-Hoc|iPhoneSimulator.Deploy.0 = Debug|x86
		{64121CCD-27AC-434A-8069-663A11EE5F53}.Ad-Hoc|x64.ActiveCfg = Debug|x64
		{64121CCD-27AC-434A-8069-663A11EE5F53}.Ad-Hoc|x64.Build.0 = Debug|x64
		{64121CCD-27AC-434A-8069-663A11EE5F53}.Ad-Hoc|x64.Deploy.0 = Debug|x64
		{64121CCD-27AC-434A-8069-663A11EE5F53}.Ad-Hoc|x86.ActiveCfg = Debug|x86
		{64121CCD-27AC-434A-8069-663A11EE5F53}.Ad-Hoc|x86.Build.0 = Debug|x86
		{64121CCD-27AC-434A-8069-663A11EE5F53}.Ad-Hoc|x86.Deploy.0 = Debug|x86
		{64121CCD-27AC-434A-8069-663A11EE5F53}.AppStore|Any CPU.ActiveCfg = Debug|x86
		{64121CCD-27AC-434A-8069-663A11EE5F53}.AppStore|Any CPU.Build.0 = Debug|x86
		{64121CCD-27AC-434A-8069-663A11EE5F53}.AppStore|Any CPU.Deploy.0 = Debug|x86
		{64121CCD-27AC-434A-8069-663A11EE5F53}.AppStore|ARM.ActiveCfg = Debug|ARM
		{64121CCD-27AC-434A-8069-663A11EE5F53}.AppStore|ARM.Build.0 = Debug|ARM
		{64121CCD-27AC-434A-8069-663A11EE5F53}.AppStore|ARM.Deploy.0 = Debug|ARM
		{64121CCD-27AC-434A-8069-663A11EE5F53}.AppStore|ARM64.ActiveCfg = Debug|ARM64
		{64121CCD-27AC-434A-8069-663A11EE5F53}.AppStore|ARM64.Build.0 = Debug|ARM64
		{64121CCD-27AC-434A-8069-663A11EE5F53}.AppStore|ARM64.Deploy.0 = Debug|ARM64
		{64121CCD-27AC-434A-8069-663A11EE5F53}.AppStore|iPhone.ActiveCfg = Debug|x86
		{64121CCD-27AC-434A-8069-663A11EE5F53}.AppStore|iPhone.Build.0 = Debug|x86
		{64121CCD-27AC-434A-8069-663A11EE5F53}.AppStore|iPhone.Deploy.0 = Debug|x86
		{64121CCD-27AC-434A-8069-663A11EE5F53}.AppStore|iPhoneSimulator.ActiveCfg = Debug|x86
		{64121CCD-27AC-434A-8069-663A11EE5F53}.AppStore|iPhoneSimulator.Build.0 = Debug|x86
		{64121CCD-27AC-434A-8069-663A11EE5F53}.AppStore|iPhoneSimulator.Deploy.0 = Debug|x86
		{64121CCD-27AC-434A-8069-663A11EE5F53}.AppStore|x64.ActiveCfg = Debug|x64
		{64121CCD-27AC-434A-8069-663A11EE5F53}.AppStore|x64.Build.0 = Debug|x64
		{64121CCD-27AC-434A-8069-663A11EE5F53}.AppStore|x64.Deploy.0 = Debug|x64
		{64121CCD-27AC-434A-8069-663A11EE5F53}.AppStore|x86.ActiveCfg = Debug|x86
		{64121CCD-27AC-434A-8069-663A11EE5F53}.AppStore|x86.Build.0 = Debug|x86
		{64121CCD-27AC-434A-8069-663A11EE5F53}.AppStore|x86.Deploy.0 = Debug|x86
		{64121CCD-27AC-434A-8069-663A11EE5F53}.Debug|Any CPU.ActiveCfg = Debug|x86
		{64121CCD-27AC-434A-8069-663A11EE5F53}.Debug|Any CPU.Build.0 = Debug|x86
		{64121CCD-27AC-434A-8069-663A11EE5F53}.Debug|Any CPU.Deploy.0 = Debug|x86
		{64121CCD-27AC-434A-8069-663A11EE5F53}.Debug|ARM.ActiveCfg = Debug|ARM
		{64121CCD-27AC-434A-8069-663A11EE5F53}.Debug|ARM.Build.0 = Debug|ARM
		{64121CCD-27AC-434A-8069-663A11EE5F53}.Debug|ARM.Deploy.0 = Debug|ARM
		{64121CCD-27AC-434A-8069-663A11EE5F53}.Debug|ARM64.ActiveCfg = Debug|ARM64
		{64121CCD-27AC-434A-8069-663A11EE5F53}.Debug|ARM64.Build.0 = Debug|ARM64
		{64121CCD-27AC-434A-8069-663A11EE5F53}.Debug|ARM64.Deploy.0 = Debug|ARM64
		{64121CCD-27AC-434A-8069-663A11EE5F53}.Debug|iPhone.ActiveCfg = Debug|x86
		{64121CCD-27AC-434A-8069-663A11EE5F53}.Debug|iPhoneSimulator.ActiveCfg = Debug|x86
		{64121CCD-27AC-434A-8069-663A11EE5F53}.Debug|x64.ActiveCfg = Debug|x64
		{64121CCD-27AC-434A-8069-663A11EE5F53}.Debug|x64.Build.0 = Debug|x64
		{64121CCD-27AC-434A-8069-663A11EE5F53}.Debug|x64.Deploy.0 = Debug|x64
		{64121CCD-27AC-434A-8069-663A11EE5F53}.Debug|x86.ActiveCfg = Debug|x86
		{64121CCD-27AC-434A-8069-663A11EE5F53}.Debug|x86.Build.0 = Debug|x86
		{64121CCD-27AC-434A-8069-663A11EE5F53}.Debug|x86.Deploy.0 = Debug|x86
		{64121CCD-27AC-434A-8069-663A11EE5F53}.Release|Any CPU.ActiveCfg = Release|x86
		{64121CCD-27AC-434A-8069-663A11EE5F53}.Release|ARM.ActiveCfg = Release|ARM
		{64121CCD-27AC-434A-8069-663A11EE5F53}.Release|ARM.Build.0 = Release|ARM
		{64121CCD-27AC-434A-8069-663A11EE5F53}.Release|ARM.Deploy.0 = Release|ARM
		{64121CCD-27AC-434A-8069-663A11EE5F53}.Release|ARM64.ActiveCfg = Release|ARM64
		{64121CCD-27AC-434A-8069-663A11EE5F53}.Release|ARM64.Build.0 = Release|ARM64
		{64121CCD-27AC-434A-8069-663A11EE5F53}.Release|ARM64.Deploy.0 = Release|ARM64
		{64121CCD-27AC-434A-8069-663A11EE5F53}.Release|iPhone.ActiveCfg = Release|x86
		{64121CCD-27AC-434A-8069-663A11EE5F53}.Release|iPhoneSimulator.ActiveCfg = Release|x86
		{64121CCD-27AC-434A-8069-663A11EE5F53}.Release|x64.ActiveCfg = Release|x64
		{64121CCD-27AC-434A-8069-663A11EE5F53}.Release|x64.Build.0 = Release|x64
		{64121CCD-27AC-434A-8069-663A11EE5F53}.Release|x64.Deploy.0 = Release|x64
		{64121CCD-27AC-434A-8069-663A11EE5F53}.Release|x86.ActiveCfg = Release|x86
		{64121CCD-27AC-434A-8069-663A11EE5F53}.Release|x86.Build.0 = Release|x86
		{64121CCD-27AC-434A-8069-663A11EE5F53}.Release|x86.Deploy.0 = Release|x86
		{C863A90E-E8FA-4AAB-A845-349DF16D30C5}.Ad-Hoc|Any CPU.ActiveCfg = Debug|Any CPU
		{C863A90E-E8FA-4AAB-A845-349DF16D30C5}.Ad-Hoc|Any CPU.Build.0 = Debug|Any CPU
		{C863A90E-E8FA-4AAB-A845-349DF16D30C5}.Ad-Hoc|ARM.ActiveCfg = Debug|Any CPU
		{C863A90E-E8FA-4AAB-A845-349DF16D30C5}.Ad-Hoc|ARM.Build.0 = Debug|Any CPU
		{C863A90E-E8FA-4AAB-A845-349DF16D30C5}.Ad-Hoc|ARM64.ActiveCfg = Debug|Any CPU
		{C863A90E-E8FA-4AAB-A845-349DF16D30C5}.Ad-Hoc|ARM64.Build.0 = Debug|Any CPU
		{C863A90E-E8FA-4AAB-A845-349DF16D30C5}.Ad-Hoc|iPhone.ActiveCfg = Debug|Any CPU
		{C863A90E-E8FA-4AAB-A845-349DF16D30C5}.Ad-Hoc|iPhone.Build.0 = Debug|Any CPU
		{C863A90E-E8FA-4AAB-A845-349DF16D30C5}.Ad-Hoc|iPhoneSimulator.ActiveCfg = Debug|Any CPU
		{C863A90E-E8FA-4AAB-A845-349DF16D30C5}.Ad-Hoc|iPhoneSimulator.Build.0 = Debug|Any CPU
		{C863A90E-E8FA-4AAB-A845-349DF16D30C5}.Ad-Hoc|x64.ActiveCfg = Debug|Any CPU
		{C863A90E-E8FA-4AAB-A845-349DF16D30C5}.Ad-Hoc|x64.Build.0 = Debug|Any CPU
		{C863A90E-E8FA-4AAB-A845-349DF16D30C5}.Ad-Hoc|x86.ActiveCfg = Debug|Any CPU
		{C863A90E-E8FA-4AAB-A845-349DF16D30C5}.Ad-Hoc|x86.Build.0 = Debug|Any CPU
		{C863A90E-E8FA-4AAB-A845-349DF16D30C5}.AppStore|Any CPU.ActiveCfg = Debug|Any CPU
		{C863A90E-E8FA-4AAB-A845-349DF16D30C5}.AppStore|Any CPU.Build.0 = Debug|Any CPU
		{C863A90E-E8FA-4AAB-A845-349DF16D30C5}.AppStore|ARM.ActiveCfg = Debug|Any CPU
		{C863A90E-E8FA-4AAB-A845-349DF16D30C5}.AppStore|ARM.Build.0 = Debug|Any CPU
		{C863A90E-E8FA-4AAB-A845-349DF16D30C5}.AppStore|ARM64.ActiveCfg = Debug|Any CPU
		{C863A90E-E8FA-4AAB-A845-349DF16D30C5}.AppStore|ARM64.Build.0 = Debug|Any CPU
		{C863A90E-E8FA-4AAB-A845-349DF16D30C5}.AppStore|iPhone.ActiveCfg = Debug|Any CPU
		{C863A90E-E8FA-4AAB-A845-349DF16D30C5}.AppStore|iPhone.Build.0 = Debug|Any CPU
		{C863A90E-E8FA-4AAB-A845-349DF16D30C5}.AppStore|iPhoneSimulator.ActiveCfg = Debug|Any CPU
		{C863A90E-E8FA-4AAB-A845-349DF16D30C5}.AppStore|iPhoneSimulator.Build.0 = Debug|Any CPU
		{C863A90E-E8FA-4AAB-A845-349DF16D30C5}.AppStore|x64.ActiveCfg = Debug|Any CPU
		{C863A90E-E8FA-4AAB-A845-349DF16D30C5}.AppStore|x64.Build.0 = Debug|Any CPU
		{C863A90E-E8FA-4AAB-A845-349DF16D30C5}.AppStore|x86.ActiveCfg = Debug|Any CPU
		{C863A90E-E8FA-4AAB-A845-349DF16D30C5}.AppStore|x86.Build.0 = Debug|Any CPU
		{C863A90E-E8FA-4AAB-A845-349DF16D30C5}.Debug|Any CPU.ActiveCfg = Debug|Any CPU
		{C863A90E-E8FA-4AAB-A845-349DF16D30C5}.Debug|Any CPU.Build.0 = Debug|Any CPU
		{C863A90E-E8FA-4AAB-A845-349DF16D30C5}.Debug|ARM.ActiveCfg = Debug|Any CPU
		{C863A90E-E8FA-4AAB-A845-349DF16D30C5}.Debug|ARM.Build.0 = Debug|Any CPU
		{C863A90E-E8FA-4AAB-A845-349DF16D30C5}.Debug|ARM64.ActiveCfg = Debug|Any CPU
		{C863A90E-E8FA-4AAB-A845-349DF16D30C5}.Debug|ARM64.Build.0 = Debug|Any CPU
		{C863A90E-E8FA-4AAB-A845-349DF16D30C5}.Debug|iPhone.ActiveCfg = Debug|Any CPU
		{C863A90E-E8FA-4AAB-A845-349DF16D30C5}.Debug|iPhone.Build.0 = Debug|Any CPU
		{C863A90E-E8FA-4AAB-A845-349DF16D30C5}.Debug|iPhoneSimulator.ActiveCfg = Debug|Any CPU
		{C863A90E-E8FA-4AAB-A845-349DF16D30C5}.Debug|iPhoneSimulator.Build.0 = Debug|Any CPU
		{C863A90E-E8FA-4AAB-A845-349DF16D30C5}.Debug|x64.ActiveCfg = Debug|Any CPU
		{C863A90E-E8FA-4AAB-A845-349DF16D30C5}.Debug|x64.Build.0 = Debug|Any CPU
		{C863A90E-E8FA-4AAB-A845-349DF16D30C5}.Debug|x86.ActiveCfg = Debug|Any CPU
		{C863A90E-E8FA-4AAB-A845-349DF16D30C5}.Debug|x86.Build.0 = Debug|Any CPU
		{C863A90E-E8FA-4AAB-A845-349DF16D30C5}.Release|Any CPU.ActiveCfg = Release|Any CPU
		{C863A90E-E8FA-4AAB-A845-349DF16D30C5}.Release|Any CPU.Build.0 = Release|Any CPU
		{C863A90E-E8FA-4AAB-A845-349DF16D30C5}.Release|ARM.ActiveCfg = Release|Any CPU
		{C863A90E-E8FA-4AAB-A845-349DF16D30C5}.Release|ARM.Build.0 = Release|Any CPU
		{C863A90E-E8FA-4AAB-A845-349DF16D30C5}.Release|ARM64.ActiveCfg = Release|Any CPU
		{C863A90E-E8FA-4AAB-A845-349DF16D30C5}.Release|ARM64.Build.0 = Release|Any CPU
		{C863A90E-E8FA-4AAB-A845-349DF16D30C5}.Release|iPhone.ActiveCfg = Release|Any CPU
		{C863A90E-E8FA-4AAB-A845-349DF16D30C5}.Release|iPhone.Build.0 = Release|Any CPU
		{C863A90E-E8FA-4AAB-A845-349DF16D30C5}.Release|iPhoneSimulator.ActiveCfg = Release|Any CPU
		{C863A90E-E8FA-4AAB-A845-349DF16D30C5}.Release|iPhoneSimulator.Build.0 = Release|Any CPU
		{C863A90E-E8FA-4AAB-A845-349DF16D30C5}.Release|x64.ActiveCfg = Release|Any CPU
		{C863A90E-E8FA-4AAB-A845-349DF16D30C5}.Release|x64.Build.0 = Release|Any CPU
		{C863A90E-E8FA-4AAB-A845-349DF16D30C5}.Release|x86.ActiveCfg = Release|Any CPU
		{C863A90E-E8FA-4AAB-A845-349DF16D30C5}.Release|x86.Build.0 = Release|Any CPU
		{1F192CF2-376D-4F2E-B60C-570CA8595F23}.Ad-Hoc|Any CPU.ActiveCfg = Debug|iPhoneSimulator
		{1F192CF2-376D-4F2E-B60C-570CA8595F23}.Ad-Hoc|Any CPU.Build.0 = Debug|iPhoneSimulator
		{1F192CF2-376D-4F2E-B60C-570CA8595F23}.Ad-Hoc|ARM.ActiveCfg = Debug|iPhoneSimulator
		{1F192CF2-376D-4F2E-B60C-570CA8595F23}.Ad-Hoc|ARM.Build.0 = Debug|iPhoneSimulator
		{1F192CF2-376D-4F2E-B60C-570CA8595F23}.Ad-Hoc|ARM64.ActiveCfg = Debug|iPhoneSimulator
		{1F192CF2-376D-4F2E-B60C-570CA8595F23}.Ad-Hoc|ARM64.Build.0 = Debug|iPhoneSimulator
		{1F192CF2-376D-4F2E-B60C-570CA8595F23}.Ad-Hoc|iPhone.ActiveCfg = Debug|iPhoneSimulator
		{1F192CF2-376D-4F2E-B60C-570CA8595F23}.Ad-Hoc|iPhone.Build.0 = Debug|iPhoneSimulator
		{1F192CF2-376D-4F2E-B60C-570CA8595F23}.Ad-Hoc|iPhoneSimulator.ActiveCfg = Debug|iPhoneSimulator
		{1F192CF2-376D-4F2E-B60C-570CA8595F23}.Ad-Hoc|iPhoneSimulator.Build.0 = Debug|iPhoneSimulator
		{1F192CF2-376D-4F2E-B60C-570CA8595F23}.Ad-Hoc|x64.ActiveCfg = Debug|iPhoneSimulator
		{1F192CF2-376D-4F2E-B60C-570CA8595F23}.Ad-Hoc|x64.Build.0 = Debug|iPhoneSimulator
		{1F192CF2-376D-4F2E-B60C-570CA8595F23}.Ad-Hoc|x86.ActiveCfg = Debug|iPhoneSimulator
		{1F192CF2-376D-4F2E-B60C-570CA8595F23}.Ad-Hoc|x86.Build.0 = Debug|iPhoneSimulator
		{1F192CF2-376D-4F2E-B60C-570CA8595F23}.AppStore|Any CPU.ActiveCfg = Debug|iPhoneSimulator
		{1F192CF2-376D-4F2E-B60C-570CA8595F23}.AppStore|Any CPU.Build.0 = Debug|iPhoneSimulator
		{1F192CF2-376D-4F2E-B60C-570CA8595F23}.AppStore|ARM.ActiveCfg = Debug|iPhoneSimulator
		{1F192CF2-376D-4F2E-B60C-570CA8595F23}.AppStore|ARM.Build.0 = Debug|iPhoneSimulator
		{1F192CF2-376D-4F2E-B60C-570CA8595F23}.AppStore|ARM64.ActiveCfg = Debug|iPhoneSimulator
		{1F192CF2-376D-4F2E-B60C-570CA8595F23}.AppStore|ARM64.Build.0 = Debug|iPhoneSimulator
		{1F192CF2-376D-4F2E-B60C-570CA8595F23}.AppStore|iPhone.ActiveCfg = Debug|iPhoneSimulator
		{1F192CF2-376D-4F2E-B60C-570CA8595F23}.AppStore|iPhone.Build.0 = Debug|iPhoneSimulator
		{1F192CF2-376D-4F2E-B60C-570CA8595F23}.AppStore|iPhoneSimulator.ActiveCfg = Debug|iPhoneSimulator
		{1F192CF2-376D-4F2E-B60C-570CA8595F23}.AppStore|iPhoneSimulator.Build.0 = Debug|iPhoneSimulator
		{1F192CF2-376D-4F2E-B60C-570CA8595F23}.AppStore|x64.ActiveCfg = Debug|iPhoneSimulator
		{1F192CF2-376D-4F2E-B60C-570CA8595F23}.AppStore|x64.Build.0 = Debug|iPhoneSimulator
		{1F192CF2-376D-4F2E-B60C-570CA8595F23}.AppStore|x86.ActiveCfg = Debug|iPhoneSimulator
		{1F192CF2-376D-4F2E-B60C-570CA8595F23}.AppStore|x86.Build.0 = Debug|iPhoneSimulator
		{1F192CF2-376D-4F2E-B60C-570CA8595F23}.Debug|Any CPU.ActiveCfg = Debug|iPhoneSimulator
		{1F192CF2-376D-4F2E-B60C-570CA8595F23}.Debug|ARM.ActiveCfg = Debug|iPhoneSimulator
		{1F192CF2-376D-4F2E-B60C-570CA8595F23}.Debug|ARM64.ActiveCfg = Debug|iPhoneSimulator
		{1F192CF2-376D-4F2E-B60C-570CA8595F23}.Debug|iPhone.ActiveCfg = Debug|iPhoneSimulator
		{1F192CF2-376D-4F2E-B60C-570CA8595F23}.Debug|iPhoneSimulator.ActiveCfg = Debug|iPhoneSimulator
		{1F192CF2-376D-4F2E-B60C-570CA8595F23}.Debug|iPhoneSimulator.Build.0 = Debug|iPhoneSimulator
		{1F192CF2-376D-4F2E-B60C-570CA8595F23}.Debug|x64.ActiveCfg = Debug|iPhoneSimulator
		{1F192CF2-376D-4F2E-B60C-570CA8595F23}.Debug|x86.ActiveCfg = Debug|iPhoneSimulator
		{1F192CF2-376D-4F2E-B60C-570CA8595F23}.Release|Any CPU.ActiveCfg = Release|iPhoneSimulator
		{1F192CF2-376D-4F2E-B60C-570CA8595F23}.Release|ARM.ActiveCfg = Release|iPhoneSimulator
		{1F192CF2-376D-4F2E-B60C-570CA8595F23}.Release|ARM64.ActiveCfg = Release|iPhoneSimulator
		{1F192CF2-376D-4F2E-B60C-570CA8595F23}.Release|iPhone.ActiveCfg = Release|iPhoneSimulator
		{1F192CF2-376D-4F2E-B60C-570CA8595F23}.Release|iPhoneSimulator.ActiveCfg = Release|iPhoneSimulator
		{1F192CF2-376D-4F2E-B60C-570CA8595F23}.Release|iPhoneSimulator.Build.0 = Release|iPhoneSimulator
		{1F192CF2-376D-4F2E-B60C-570CA8595F23}.Release|x64.ActiveCfg = Release|iPhoneSimulator
		{1F192CF2-376D-4F2E-B60C-570CA8595F23}.Release|x86.ActiveCfg = Release|iPhoneSimulator
		{7E728690-12EF-4F2A-B231-3648120FC561}.Ad-Hoc|Any CPU.ActiveCfg = Debug|Any CPU
		{7E728690-12EF-4F2A-B231-3648120FC561}.Ad-Hoc|Any CPU.Build.0 = Debug|Any CPU
		{7E728690-12EF-4F2A-B231-3648120FC561}.Ad-Hoc|ARM.ActiveCfg = Debug|Any CPU
		{7E728690-12EF-4F2A-B231-3648120FC561}.Ad-Hoc|ARM.Build.0 = Debug|Any CPU
		{7E728690-12EF-4F2A-B231-3648120FC561}.Ad-Hoc|ARM64.ActiveCfg = Debug|Any CPU
		{7E728690-12EF-4F2A-B231-3648120FC561}.Ad-Hoc|ARM64.Build.0 = Debug|Any CPU
		{7E728690-12EF-4F2A-B231-3648120FC561}.Ad-Hoc|iPhone.ActiveCfg = Debug|Any CPU
		{7E728690-12EF-4F2A-B231-3648120FC561}.Ad-Hoc|iPhone.Build.0 = Debug|Any CPU
		{7E728690-12EF-4F2A-B231-3648120FC561}.Ad-Hoc|iPhoneSimulator.ActiveCfg = Debug|Any CPU
		{7E728690-12EF-4F2A-B231-3648120FC561}.Ad-Hoc|iPhoneSimulator.Build.0 = Debug|Any CPU
		{7E728690-12EF-4F2A-B231-3648120FC561}.Ad-Hoc|x64.ActiveCfg = Debug|Any CPU
		{7E728690-12EF-4F2A-B231-3648120FC561}.Ad-Hoc|x64.Build.0 = Debug|Any CPU
		{7E728690-12EF-4F2A-B231-3648120FC561}.Ad-Hoc|x86.ActiveCfg = Debug|Any CPU
		{7E728690-12EF-4F2A-B231-3648120FC561}.Ad-Hoc|x86.Build.0 = Debug|Any CPU
		{7E728690-12EF-4F2A-B231-3648120FC561}.AppStore|Any CPU.ActiveCfg = Debug|Any CPU
		{7E728690-12EF-4F2A-B231-3648120FC561}.AppStore|Any CPU.Build.0 = Debug|Any CPU
		{7E728690-12EF-4F2A-B231-3648120FC561}.AppStore|ARM.ActiveCfg = Debug|Any CPU
		{7E728690-12EF-4F2A-B231-3648120FC561}.AppStore|ARM.Build.0 = Debug|Any CPU
		{7E728690-12EF-4F2A-B231-3648120FC561}.AppStore|ARM64.ActiveCfg = Debug|Any CPU
		{7E728690-12EF-4F2A-B231-3648120FC561}.AppStore|ARM64.Build.0 = Debug|Any CPU
		{7E728690-12EF-4F2A-B231-3648120FC561}.AppStore|iPhone.ActiveCfg = Debug|Any CPU
		{7E728690-12EF-4F2A-B231-3648120FC561}.AppStore|iPhone.Build.0 = Debug|Any CPU
		{7E728690-12EF-4F2A-B231-3648120FC561}.AppStore|iPhoneSimulator.ActiveCfg = Debug|Any CPU
		{7E728690-12EF-4F2A-B231-3648120FC561}.AppStore|iPhoneSimulator.Build.0 = Debug|Any CPU
		{7E728690-12EF-4F2A-B231-3648120FC561}.AppStore|x64.ActiveCfg = Debug|Any CPU
		{7E728690-12EF-4F2A-B231-3648120FC561}.AppStore|x64.Build.0 = Debug|Any CPU
		{7E728690-12EF-4F2A-B231-3648120FC561}.AppStore|x86.ActiveCfg = Debug|Any CPU
		{7E728690-12EF-4F2A-B231-3648120FC561}.AppStore|x86.Build.0 = Debug|Any CPU
		{7E728690-12EF-4F2A-B231-3648120FC561}.Debug|Any CPU.ActiveCfg = Debug|Any CPU
		{7E728690-12EF-4F2A-B231-3648120FC561}.Debug|Any CPU.Build.0 = Debug|Any CPU
		{7E728690-12EF-4F2A-B231-3648120FC561}.Debug|ARM.ActiveCfg = Debug|Any CPU
		{7E728690-12EF-4F2A-B231-3648120FC561}.Debug|ARM.Build.0 = Debug|Any CPU
		{7E728690-12EF-4F2A-B231-3648120FC561}.Debug|ARM64.ActiveCfg = Debug|Any CPU
		{7E728690-12EF-4F2A-B231-3648120FC561}.Debug|ARM64.Build.0 = Debug|Any CPU
		{7E728690-12EF-4F2A-B231-3648120FC561}.Debug|iPhone.ActiveCfg = Debug|Any CPU
		{7E728690-12EF-4F2A-B231-3648120FC561}.Debug|iPhone.Build.0 = Debug|Any CPU
		{7E728690-12EF-4F2A-B231-3648120FC561}.Debug|iPhoneSimulator.ActiveCfg = Debug|Any CPU
		{7E728690-12EF-4F2A-B231-3648120FC561}.Debug|iPhoneSimulator.Build.0 = Debug|Any CPU
		{7E728690-12EF-4F2A-B231-3648120FC561}.Debug|x64.ActiveCfg = Debug|Any CPU
		{7E728690-12EF-4F2A-B231-3648120FC561}.Debug|x64.Build.0 = Debug|Any CPU
		{7E728690-12EF-4F2A-B231-3648120FC561}.Debug|x86.ActiveCfg = Debug|Any CPU
		{7E728690-12EF-4F2A-B231-3648120FC561}.Debug|x86.Build.0 = Debug|Any CPU
		{7E728690-12EF-4F2A-B231-3648120FC561}.Release|Any CPU.ActiveCfg = Release|Any CPU
		{7E728690-12EF-4F2A-B231-3648120FC561}.Release|Any CPU.Build.0 = Release|Any CPU
		{7E728690-12EF-4F2A-B231-3648120FC561}.Release|ARM.ActiveCfg = Release|Any CPU
		{7E728690-12EF-4F2A-B231-3648120FC561}.Release|ARM.Build.0 = Release|Any CPU
		{7E728690-12EF-4F2A-B231-3648120FC561}.Release|ARM64.ActiveCfg = Release|Any CPU
		{7E728690-12EF-4F2A-B231-3648120FC561}.Release|ARM64.Build.0 = Release|Any CPU
		{7E728690-12EF-4F2A-B231-3648120FC561}.Release|iPhone.ActiveCfg = Release|Any CPU
		{7E728690-12EF-4F2A-B231-3648120FC561}.Release|iPhone.Build.0 = Release|Any CPU
		{7E728690-12EF-4F2A-B231-3648120FC561}.Release|iPhoneSimulator.ActiveCfg = Release|Any CPU
		{7E728690-12EF-4F2A-B231-3648120FC561}.Release|iPhoneSimulator.Build.0 = Release|Any CPU
		{7E728690-12EF-4F2A-B231-3648120FC561}.Release|x64.ActiveCfg = Release|Any CPU
		{7E728690-12EF-4F2A-B231-3648120FC561}.Release|x64.Build.0 = Release|Any CPU
		{7E728690-12EF-4F2A-B231-3648120FC561}.Release|x86.ActiveCfg = Release|Any CPU
		{7E728690-12EF-4F2A-B231-3648120FC561}.Release|x86.Build.0 = Release|Any CPU
		{4BEF4BF8-7A93-4048-BB09-3DCB2F8EE15F}.Ad-Hoc|Any CPU.ActiveCfg = Debug|Any CPU
		{4BEF4BF8-7A93-4048-BB09-3DCB2F8EE15F}.Ad-Hoc|Any CPU.Build.0 = Debug|Any CPU
		{4BEF4BF8-7A93-4048-BB09-3DCB2F8EE15F}.Ad-Hoc|ARM.ActiveCfg = Debug|Any CPU
		{4BEF4BF8-7A93-4048-BB09-3DCB2F8EE15F}.Ad-Hoc|ARM.Build.0 = Debug|Any CPU
		{4BEF4BF8-7A93-4048-BB09-3DCB2F8EE15F}.Ad-Hoc|ARM64.ActiveCfg = Debug|Any CPU
		{4BEF4BF8-7A93-4048-BB09-3DCB2F8EE15F}.Ad-Hoc|ARM64.Build.0 = Debug|Any CPU
		{4BEF4BF8-7A93-4048-BB09-3DCB2F8EE15F}.Ad-Hoc|iPhone.ActiveCfg = Debug|Any CPU
		{4BEF4BF8-7A93-4048-BB09-3DCB2F8EE15F}.Ad-Hoc|iPhone.Build.0 = Debug|Any CPU
		{4BEF4BF8-7A93-4048-BB09-3DCB2F8EE15F}.Ad-Hoc|iPhoneSimulator.ActiveCfg = Debug|Any CPU
		{4BEF4BF8-7A93-4048-BB09-3DCB2F8EE15F}.Ad-Hoc|iPhoneSimulator.Build.0 = Debug|Any CPU
		{4BEF4BF8-7A93-4048-BB09-3DCB2F8EE15F}.Ad-Hoc|x64.ActiveCfg = Debug|Any CPU
		{4BEF4BF8-7A93-4048-BB09-3DCB2F8EE15F}.Ad-Hoc|x64.Build.0 = Debug|Any CPU
		{4BEF4BF8-7A93-4048-BB09-3DCB2F8EE15F}.Ad-Hoc|x86.ActiveCfg = Debug|Any CPU
		{4BEF4BF8-7A93-4048-BB09-3DCB2F8EE15F}.Ad-Hoc|x86.Build.0 = Debug|Any CPU
		{4BEF4BF8-7A93-4048-BB09-3DCB2F8EE15F}.AppStore|Any CPU.ActiveCfg = Debug|Any CPU
		{4BEF4BF8-7A93-4048-BB09-3DCB2F8EE15F}.AppStore|Any CPU.Build.0 = Debug|Any CPU
		{4BEF4BF8-7A93-4048-BB09-3DCB2F8EE15F}.AppStore|ARM.ActiveCfg = Debug|Any CPU
		{4BEF4BF8-7A93-4048-BB09-3DCB2F8EE15F}.AppStore|ARM.Build.0 = Debug|Any CPU
		{4BEF4BF8-7A93-4048-BB09-3DCB2F8EE15F}.AppStore|ARM64.ActiveCfg = Debug|Any CPU
		{4BEF4BF8-7A93-4048-BB09-3DCB2F8EE15F}.AppStore|ARM64.Build.0 = Debug|Any CPU
		{4BEF4BF8-7A93-4048-BB09-3DCB2F8EE15F}.AppStore|iPhone.ActiveCfg = Debug|Any CPU
		{4BEF4BF8-7A93-4048-BB09-3DCB2F8EE15F}.AppStore|iPhone.Build.0 = Debug|Any CPU
		{4BEF4BF8-7A93-4048-BB09-3DCB2F8EE15F}.AppStore|iPhoneSimulator.ActiveCfg = Debug|Any CPU
		{4BEF4BF8-7A93-4048-BB09-3DCB2F8EE15F}.AppStore|iPhoneSimulator.Build.0 = Debug|Any CPU
		{4BEF4BF8-7A93-4048-BB09-3DCB2F8EE15F}.AppStore|x64.ActiveCfg = Debug|Any CPU
		{4BEF4BF8-7A93-4048-BB09-3DCB2F8EE15F}.AppStore|x64.Build.0 = Debug|Any CPU
		{4BEF4BF8-7A93-4048-BB09-3DCB2F8EE15F}.AppStore|x86.ActiveCfg = Debug|Any CPU
		{4BEF4BF8-7A93-4048-BB09-3DCB2F8EE15F}.AppStore|x86.Build.0 = Debug|Any CPU
		{4BEF4BF8-7A93-4048-BB09-3DCB2F8EE15F}.Debug|Any CPU.ActiveCfg = Debug|Any CPU
		{4BEF4BF8-7A93-4048-BB09-3DCB2F8EE15F}.Debug|Any CPU.Build.0 = Debug|Any CPU
		{4BEF4BF8-7A93-4048-BB09-3DCB2F8EE15F}.Debug|ARM.ActiveCfg = Debug|Any CPU
		{4BEF4BF8-7A93-4048-BB09-3DCB2F8EE15F}.Debug|ARM.Build.0 = Debug|Any CPU
		{4BEF4BF8-7A93-4048-BB09-3DCB2F8EE15F}.Debug|ARM64.ActiveCfg = Debug|Any CPU
		{4BEF4BF8-7A93-4048-BB09-3DCB2F8EE15F}.Debug|ARM64.Build.0 = Debug|Any CPU
		{4BEF4BF8-7A93-4048-BB09-3DCB2F8EE15F}.Debug|iPhone.ActiveCfg = Debug|Any CPU
		{4BEF4BF8-7A93-4048-BB09-3DCB2F8EE15F}.Debug|iPhone.Build.0 = Debug|Any CPU
		{4BEF4BF8-7A93-4048-BB09-3DCB2F8EE15F}.Debug|iPhoneSimulator.ActiveCfg = Debug|Any CPU
		{4BEF4BF8-7A93-4048-BB09-3DCB2F8EE15F}.Debug|iPhoneSimulator.Build.0 = Debug|Any CPU
		{4BEF4BF8-7A93-4048-BB09-3DCB2F8EE15F}.Debug|x64.ActiveCfg = Debug|Any CPU
		{4BEF4BF8-7A93-4048-BB09-3DCB2F8EE15F}.Debug|x64.Build.0 = Debug|Any CPU
		{4BEF4BF8-7A93-4048-BB09-3DCB2F8EE15F}.Debug|x86.ActiveCfg = Debug|Any CPU
		{4BEF4BF8-7A93-4048-BB09-3DCB2F8EE15F}.Debug|x86.Build.0 = Debug|Any CPU
		{4BEF4BF8-7A93-4048-BB09-3DCB2F8EE15F}.Release|Any CPU.ActiveCfg = Release|Any CPU
		{4BEF4BF8-7A93-4048-BB09-3DCB2F8EE15F}.Release|Any CPU.Build.0 = Release|Any CPU
		{4BEF4BF8-7A93-4048-BB09-3DCB2F8EE15F}.Release|ARM.ActiveCfg = Release|Any CPU
		{4BEF4BF8-7A93-4048-BB09-3DCB2F8EE15F}.Release|ARM.Build.0 = Release|Any CPU
		{4BEF4BF8-7A93-4048-BB09-3DCB2F8EE15F}.Release|ARM64.ActiveCfg = Release|Any CPU
		{4BEF4BF8-7A93-4048-BB09-3DCB2F8EE15F}.Release|ARM64.Build.0 = Release|Any CPU
		{4BEF4BF8-7A93-4048-BB09-3DCB2F8EE15F}.Release|iPhone.ActiveCfg = Release|Any CPU
		{4BEF4BF8-7A93-4048-BB09-3DCB2F8EE15F}.Release|iPhone.Build.0 = Release|Any CPU
		{4BEF4BF8-7A93-4048-BB09-3DCB2F8EE15F}.Release|iPhoneSimulator.ActiveCfg = Release|Any CPU
		{4BEF4BF8-7A93-4048-BB09-3DCB2F8EE15F}.Release|iPhoneSimulator.Build.0 = Release|Any CPU
		{4BEF4BF8-7A93-4048-BB09-3DCB2F8EE15F}.Release|x64.ActiveCfg = Release|Any CPU
		{4BEF4BF8-7A93-4048-BB09-3DCB2F8EE15F}.Release|x64.Build.0 = Release|Any CPU
		{4BEF4BF8-7A93-4048-BB09-3DCB2F8EE15F}.Release|x86.ActiveCfg = Release|Any CPU
		{4BEF4BF8-7A93-4048-BB09-3DCB2F8EE15F}.Release|x86.Build.0 = Release|Any CPU
		{4932F04F-7B20-4D87-8B8B-FF7BD454ABBE}.Ad-Hoc|Any CPU.ActiveCfg = Debug|Any CPU
		{4932F04F-7B20-4D87-8B8B-FF7BD454ABBE}.Ad-Hoc|Any CPU.Build.0 = Debug|Any CPU
		{4932F04F-7B20-4D87-8B8B-FF7BD454ABBE}.Ad-Hoc|ARM.ActiveCfg = Debug|Any CPU
		{4932F04F-7B20-4D87-8B8B-FF7BD454ABBE}.Ad-Hoc|ARM.Build.0 = Debug|Any CPU
		{4932F04F-7B20-4D87-8B8B-FF7BD454ABBE}.Ad-Hoc|ARM64.ActiveCfg = Debug|Any CPU
		{4932F04F-7B20-4D87-8B8B-FF7BD454ABBE}.Ad-Hoc|ARM64.Build.0 = Debug|Any CPU
		{4932F04F-7B20-4D87-8B8B-FF7BD454ABBE}.Ad-Hoc|iPhone.ActiveCfg = Debug|Any CPU
		{4932F04F-7B20-4D87-8B8B-FF7BD454ABBE}.Ad-Hoc|iPhone.Build.0 = Debug|Any CPU
		{4932F04F-7B20-4D87-8B8B-FF7BD454ABBE}.Ad-Hoc|iPhoneSimulator.ActiveCfg = Debug|Any CPU
		{4932F04F-7B20-4D87-8B8B-FF7BD454ABBE}.Ad-Hoc|iPhoneSimulator.Build.0 = Debug|Any CPU
		{4932F04F-7B20-4D87-8B8B-FF7BD454ABBE}.Ad-Hoc|x64.ActiveCfg = Debug|Any CPU
		{4932F04F-7B20-4D87-8B8B-FF7BD454ABBE}.Ad-Hoc|x64.Build.0 = Debug|Any CPU
		{4932F04F-7B20-4D87-8B8B-FF7BD454ABBE}.Ad-Hoc|x86.ActiveCfg = Debug|Any CPU
		{4932F04F-7B20-4D87-8B8B-FF7BD454ABBE}.Ad-Hoc|x86.Build.0 = Debug|Any CPU
		{4932F04F-7B20-4D87-8B8B-FF7BD454ABBE}.AppStore|Any CPU.ActiveCfg = Debug|Any CPU
		{4932F04F-7B20-4D87-8B8B-FF7BD454ABBE}.AppStore|Any CPU.Build.0 = Debug|Any CPU
		{4932F04F-7B20-4D87-8B8B-FF7BD454ABBE}.AppStore|ARM.ActiveCfg = Debug|Any CPU
		{4932F04F-7B20-4D87-8B8B-FF7BD454ABBE}.AppStore|ARM.Build.0 = Debug|Any CPU
		{4932F04F-7B20-4D87-8B8B-FF7BD454ABBE}.AppStore|ARM64.ActiveCfg = Debug|Any CPU
		{4932F04F-7B20-4D87-8B8B-FF7BD454ABBE}.AppStore|ARM64.Build.0 = Debug|Any CPU
		{4932F04F-7B20-4D87-8B8B-FF7BD454ABBE}.AppStore|iPhone.ActiveCfg = Debug|Any CPU
		{4932F04F-7B20-4D87-8B8B-FF7BD454ABBE}.AppStore|iPhone.Build.0 = Debug|Any CPU
		{4932F04F-7B20-4D87-8B8B-FF7BD454ABBE}.AppStore|iPhoneSimulator.ActiveCfg = Debug|Any CPU
		{4932F04F-7B20-4D87-8B8B-FF7BD454ABBE}.AppStore|iPhoneSimulator.Build.0 = Debug|Any CPU
		{4932F04F-7B20-4D87-8B8B-FF7BD454ABBE}.AppStore|x64.ActiveCfg = Debug|Any CPU
		{4932F04F-7B20-4D87-8B8B-FF7BD454ABBE}.AppStore|x64.Build.0 = Debug|Any CPU
		{4932F04F-7B20-4D87-8B8B-FF7BD454ABBE}.AppStore|x86.ActiveCfg = Debug|Any CPU
		{4932F04F-7B20-4D87-8B8B-FF7BD454ABBE}.AppStore|x86.Build.0 = Debug|Any CPU
		{4932F04F-7B20-4D87-8B8B-FF7BD454ABBE}.Debug|Any CPU.ActiveCfg = Debug|Any CPU
		{4932F04F-7B20-4D87-8B8B-FF7BD454ABBE}.Debug|Any CPU.Build.0 = Debug|Any CPU
		{4932F04F-7B20-4D87-8B8B-FF7BD454ABBE}.Debug|ARM.ActiveCfg = Debug|Any CPU
		{4932F04F-7B20-4D87-8B8B-FF7BD454ABBE}.Debug|ARM.Build.0 = Debug|Any CPU
		{4932F04F-7B20-4D87-8B8B-FF7BD454ABBE}.Debug|ARM64.ActiveCfg = Debug|Any CPU
		{4932F04F-7B20-4D87-8B8B-FF7BD454ABBE}.Debug|ARM64.Build.0 = Debug|Any CPU
		{4932F04F-7B20-4D87-8B8B-FF7BD454ABBE}.Debug|iPhone.ActiveCfg = Debug|Any CPU
		{4932F04F-7B20-4D87-8B8B-FF7BD454ABBE}.Debug|iPhone.Build.0 = Debug|Any CPU
		{4932F04F-7B20-4D87-8B8B-FF7BD454ABBE}.Debug|iPhoneSimulator.ActiveCfg = Debug|Any CPU
		{4932F04F-7B20-4D87-8B8B-FF7BD454ABBE}.Debug|iPhoneSimulator.Build.0 = Debug|Any CPU
		{4932F04F-7B20-4D87-8B8B-FF7BD454ABBE}.Debug|x64.ActiveCfg = Debug|Any CPU
		{4932F04F-7B20-4D87-8B8B-FF7BD454ABBE}.Debug|x64.Build.0 = Debug|Any CPU
		{4932F04F-7B20-4D87-8B8B-FF7BD454ABBE}.Debug|x86.ActiveCfg = Debug|Any CPU
		{4932F04F-7B20-4D87-8B8B-FF7BD454ABBE}.Debug|x86.Build.0 = Debug|Any CPU
		{4932F04F-7B20-4D87-8B8B-FF7BD454ABBE}.Release|Any CPU.ActiveCfg = Release|Any CPU
		{4932F04F-7B20-4D87-8B8B-FF7BD454ABBE}.Release|Any CPU.Build.0 = Release|Any CPU
		{4932F04F-7B20-4D87-8B8B-FF7BD454ABBE}.Release|ARM.ActiveCfg = Release|Any CPU
		{4932F04F-7B20-4D87-8B8B-FF7BD454ABBE}.Release|ARM.Build.0 = Release|Any CPU
		{4932F04F-7B20-4D87-8B8B-FF7BD454ABBE}.Release|ARM64.ActiveCfg = Release|Any CPU
		{4932F04F-7B20-4D87-8B8B-FF7BD454ABBE}.Release|ARM64.Build.0 = Release|Any CPU
		{4932F04F-7B20-4D87-8B8B-FF7BD454ABBE}.Release|iPhone.ActiveCfg = Release|Any CPU
		{4932F04F-7B20-4D87-8B8B-FF7BD454ABBE}.Release|iPhone.Build.0 = Release|Any CPU
		{4932F04F-7B20-4D87-8B8B-FF7BD454ABBE}.Release|iPhoneSimulator.ActiveCfg = Release|Any CPU
		{4932F04F-7B20-4D87-8B8B-FF7BD454ABBE}.Release|iPhoneSimulator.Build.0 = Release|Any CPU
		{4932F04F-7B20-4D87-8B8B-FF7BD454ABBE}.Release|x64.ActiveCfg = Release|Any CPU
		{4932F04F-7B20-4D87-8B8B-FF7BD454ABBE}.Release|x64.Build.0 = Release|Any CPU
		{4932F04F-7B20-4D87-8B8B-FF7BD454ABBE}.Release|x86.ActiveCfg = Release|Any CPU
		{4932F04F-7B20-4D87-8B8B-FF7BD454ABBE}.Release|x86.Build.0 = Release|Any CPU
		{264A685B-EF87-4921-9DA8-1559DD15B099}.Ad-Hoc|Any CPU.ActiveCfg = Debug|Any CPU
		{264A685B-EF87-4921-9DA8-1559DD15B099}.Ad-Hoc|Any CPU.Build.0 = Debug|Any CPU
		{264A685B-EF87-4921-9DA8-1559DD15B099}.Ad-Hoc|ARM.ActiveCfg = Debug|Any CPU
		{264A685B-EF87-4921-9DA8-1559DD15B099}.Ad-Hoc|ARM.Build.0 = Debug|Any CPU
		{264A685B-EF87-4921-9DA8-1559DD15B099}.Ad-Hoc|ARM64.ActiveCfg = Debug|Any CPU
		{264A685B-EF87-4921-9DA8-1559DD15B099}.Ad-Hoc|ARM64.Build.0 = Debug|Any CPU
		{264A685B-EF87-4921-9DA8-1559DD15B099}.Ad-Hoc|iPhone.ActiveCfg = Debug|Any CPU
		{264A685B-EF87-4921-9DA8-1559DD15B099}.Ad-Hoc|iPhone.Build.0 = Debug|Any CPU
		{264A685B-EF87-4921-9DA8-1559DD15B099}.Ad-Hoc|iPhoneSimulator.ActiveCfg = Debug|Any CPU
		{264A685B-EF87-4921-9DA8-1559DD15B099}.Ad-Hoc|iPhoneSimulator.Build.0 = Debug|Any CPU
		{264A685B-EF87-4921-9DA8-1559DD15B099}.Ad-Hoc|x64.ActiveCfg = Debug|Any CPU
		{264A685B-EF87-4921-9DA8-1559DD15B099}.Ad-Hoc|x64.Build.0 = Debug|Any CPU
		{264A685B-EF87-4921-9DA8-1559DD15B099}.Ad-Hoc|x86.ActiveCfg = Debug|Any CPU
		{264A685B-EF87-4921-9DA8-1559DD15B099}.Ad-Hoc|x86.Build.0 = Debug|Any CPU
		{264A685B-EF87-4921-9DA8-1559DD15B099}.AppStore|Any CPU.ActiveCfg = Debug|Any CPU
		{264A685B-EF87-4921-9DA8-1559DD15B099}.AppStore|Any CPU.Build.0 = Debug|Any CPU
		{264A685B-EF87-4921-9DA8-1559DD15B099}.AppStore|ARM.ActiveCfg = Debug|Any CPU
		{264A685B-EF87-4921-9DA8-1559DD15B099}.AppStore|ARM.Build.0 = Debug|Any CPU
		{264A685B-EF87-4921-9DA8-1559DD15B099}.AppStore|ARM64.ActiveCfg = Debug|Any CPU
		{264A685B-EF87-4921-9DA8-1559DD15B099}.AppStore|ARM64.Build.0 = Debug|Any CPU
		{264A685B-EF87-4921-9DA8-1559DD15B099}.AppStore|iPhone.ActiveCfg = Debug|Any CPU
		{264A685B-EF87-4921-9DA8-1559DD15B099}.AppStore|iPhone.Build.0 = Debug|Any CPU
		{264A685B-EF87-4921-9DA8-1559DD15B099}.AppStore|iPhoneSimulator.ActiveCfg = Debug|Any CPU
		{264A685B-EF87-4921-9DA8-1559DD15B099}.AppStore|iPhoneSimulator.Build.0 = Debug|Any CPU
		{264A685B-EF87-4921-9DA8-1559DD15B099}.AppStore|x64.ActiveCfg = Debug|Any CPU
		{264A685B-EF87-4921-9DA8-1559DD15B099}.AppStore|x64.Build.0 = Debug|Any CPU
		{264A685B-EF87-4921-9DA8-1559DD15B099}.AppStore|x86.ActiveCfg = Debug|Any CPU
		{264A685B-EF87-4921-9DA8-1559DD15B099}.AppStore|x86.Build.0 = Debug|Any CPU
		{264A685B-EF87-4921-9DA8-1559DD15B099}.Debug|Any CPU.ActiveCfg = Debug|Any CPU
		{264A685B-EF87-4921-9DA8-1559DD15B099}.Debug|Any CPU.Build.0 = Debug|Any CPU
		{264A685B-EF87-4921-9DA8-1559DD15B099}.Debug|ARM.ActiveCfg = Debug|Any CPU
		{264A685B-EF87-4921-9DA8-1559DD15B099}.Debug|ARM.Build.0 = Debug|Any CPU
		{264A685B-EF87-4921-9DA8-1559DD15B099}.Debug|ARM64.ActiveCfg = Debug|Any CPU
		{264A685B-EF87-4921-9DA8-1559DD15B099}.Debug|ARM64.Build.0 = Debug|Any CPU
		{264A685B-EF87-4921-9DA8-1559DD15B099}.Debug|iPhone.ActiveCfg = Debug|Any CPU
		{264A685B-EF87-4921-9DA8-1559DD15B099}.Debug|iPhone.Build.0 = Debug|Any CPU
		{264A685B-EF87-4921-9DA8-1559DD15B099}.Debug|iPhoneSimulator.ActiveCfg = Debug|Any CPU
		{264A685B-EF87-4921-9DA8-1559DD15B099}.Debug|iPhoneSimulator.Build.0 = Debug|Any CPU
		{264A685B-EF87-4921-9DA8-1559DD15B099}.Debug|x64.ActiveCfg = Debug|Any CPU
		{264A685B-EF87-4921-9DA8-1559DD15B099}.Debug|x64.Build.0 = Debug|Any CPU
		{264A685B-EF87-4921-9DA8-1559DD15B099}.Debug|x86.ActiveCfg = Debug|Any CPU
		{264A685B-EF87-4921-9DA8-1559DD15B099}.Debug|x86.Build.0 = Debug|Any CPU
		{264A685B-EF87-4921-9DA8-1559DD15B099}.Release|Any CPU.ActiveCfg = Release|Any CPU
		{264A685B-EF87-4921-9DA8-1559DD15B099}.Release|Any CPU.Build.0 = Release|Any CPU
		{264A685B-EF87-4921-9DA8-1559DD15B099}.Release|ARM.ActiveCfg = Release|Any CPU
		{264A685B-EF87-4921-9DA8-1559DD15B099}.Release|ARM.Build.0 = Release|Any CPU
		{264A685B-EF87-4921-9DA8-1559DD15B099}.Release|ARM64.ActiveCfg = Release|Any CPU
		{264A685B-EF87-4921-9DA8-1559DD15B099}.Release|ARM64.Build.0 = Release|Any CPU
		{264A685B-EF87-4921-9DA8-1559DD15B099}.Release|iPhone.ActiveCfg = Release|Any CPU
		{264A685B-EF87-4921-9DA8-1559DD15B099}.Release|iPhone.Build.0 = Release|Any CPU
		{264A685B-EF87-4921-9DA8-1559DD15B099}.Release|iPhoneSimulator.ActiveCfg = Release|Any CPU
		{264A685B-EF87-4921-9DA8-1559DD15B099}.Release|iPhoneSimulator.Build.0 = Release|Any CPU
		{264A685B-EF87-4921-9DA8-1559DD15B099}.Release|x64.ActiveCfg = Release|Any CPU
		{264A685B-EF87-4921-9DA8-1559DD15B099}.Release|x64.Build.0 = Release|Any CPU
		{264A685B-EF87-4921-9DA8-1559DD15B099}.Release|x86.ActiveCfg = Release|Any CPU
		{264A685B-EF87-4921-9DA8-1559DD15B099}.Release|x86.Build.0 = Release|Any CPU
		{73E09486-E851-4DB8-80C9-6D5499544784}.Ad-Hoc|Any CPU.ActiveCfg = Debug|Any CPU
		{73E09486-E851-4DB8-80C9-6D5499544784}.Ad-Hoc|Any CPU.Build.0 = Debug|Any CPU
		{73E09486-E851-4DB8-80C9-6D5499544784}.Ad-Hoc|ARM.ActiveCfg = Debug|Any CPU
		{73E09486-E851-4DB8-80C9-6D5499544784}.Ad-Hoc|ARM.Build.0 = Debug|Any CPU
		{73E09486-E851-4DB8-80C9-6D5499544784}.Ad-Hoc|ARM64.ActiveCfg = Debug|Any CPU
		{73E09486-E851-4DB8-80C9-6D5499544784}.Ad-Hoc|ARM64.Build.0 = Debug|Any CPU
		{73E09486-E851-4DB8-80C9-6D5499544784}.Ad-Hoc|iPhone.ActiveCfg = Debug|Any CPU
		{73E09486-E851-4DB8-80C9-6D5499544784}.Ad-Hoc|iPhone.Build.0 = Debug|Any CPU
		{73E09486-E851-4DB8-80C9-6D5499544784}.Ad-Hoc|iPhoneSimulator.ActiveCfg = Debug|Any CPU
		{73E09486-E851-4DB8-80C9-6D5499544784}.Ad-Hoc|iPhoneSimulator.Build.0 = Debug|Any CPU
		{73E09486-E851-4DB8-80C9-6D5499544784}.Ad-Hoc|x64.ActiveCfg = Debug|Any CPU
		{73E09486-E851-4DB8-80C9-6D5499544784}.Ad-Hoc|x64.Build.0 = Debug|Any CPU
		{73E09486-E851-4DB8-80C9-6D5499544784}.Ad-Hoc|x86.ActiveCfg = Debug|Any CPU
		{73E09486-E851-4DB8-80C9-6D5499544784}.Ad-Hoc|x86.Build.0 = Debug|Any CPU
		{73E09486-E851-4DB8-80C9-6D5499544784}.AppStore|Any CPU.ActiveCfg = Debug|Any CPU
		{73E09486-E851-4DB8-80C9-6D5499544784}.AppStore|Any CPU.Build.0 = Debug|Any CPU
		{73E09486-E851-4DB8-80C9-6D5499544784}.AppStore|ARM.ActiveCfg = Debug|Any CPU
		{73E09486-E851-4DB8-80C9-6D5499544784}.AppStore|ARM.Build.0 = Debug|Any CPU
		{73E09486-E851-4DB8-80C9-6D5499544784}.AppStore|ARM64.ActiveCfg = Debug|Any CPU
		{73E09486-E851-4DB8-80C9-6D5499544784}.AppStore|ARM64.Build.0 = Debug|Any CPU
		{73E09486-E851-4DB8-80C9-6D5499544784}.AppStore|iPhone.ActiveCfg = Debug|Any CPU
		{73E09486-E851-4DB8-80C9-6D5499544784}.AppStore|iPhone.Build.0 = Debug|Any CPU
		{73E09486-E851-4DB8-80C9-6D5499544784}.AppStore|iPhoneSimulator.ActiveCfg = Debug|Any CPU
		{73E09486-E851-4DB8-80C9-6D5499544784}.AppStore|iPhoneSimulator.Build.0 = Debug|Any CPU
		{73E09486-E851-4DB8-80C9-6D5499544784}.AppStore|x64.ActiveCfg = Debug|Any CPU
		{73E09486-E851-4DB8-80C9-6D5499544784}.AppStore|x64.Build.0 = Debug|Any CPU
		{73E09486-E851-4DB8-80C9-6D5499544784}.AppStore|x86.ActiveCfg = Debug|Any CPU
		{73E09486-E851-4DB8-80C9-6D5499544784}.AppStore|x86.Build.0 = Debug|Any CPU
		{73E09486-E851-4DB8-80C9-6D5499544784}.Debug|Any CPU.ActiveCfg = Debug|Any CPU
		{73E09486-E851-4DB8-80C9-6D5499544784}.Debug|Any CPU.Build.0 = Debug|Any CPU
		{73E09486-E851-4DB8-80C9-6D5499544784}.Debug|ARM.ActiveCfg = Debug|Any CPU
		{73E09486-E851-4DB8-80C9-6D5499544784}.Debug|ARM.Build.0 = Debug|Any CPU
		{73E09486-E851-4DB8-80C9-6D5499544784}.Debug|ARM64.ActiveCfg = Debug|Any CPU
		{73E09486-E851-4DB8-80C9-6D5499544784}.Debug|ARM64.Build.0 = Debug|Any CPU
		{73E09486-E851-4DB8-80C9-6D5499544784}.Debug|iPhone.ActiveCfg = Debug|Any CPU
		{73E09486-E851-4DB8-80C9-6D5499544784}.Debug|iPhone.Build.0 = Debug|Any CPU
		{73E09486-E851-4DB8-80C9-6D5499544784}.Debug|iPhoneSimulator.ActiveCfg = Debug|Any CPU
		{73E09486-E851-4DB8-80C9-6D5499544784}.Debug|iPhoneSimulator.Build.0 = Debug|Any CPU
		{73E09486-E851-4DB8-80C9-6D5499544784}.Debug|x64.ActiveCfg = Debug|Any CPU
		{73E09486-E851-4DB8-80C9-6D5499544784}.Debug|x64.Build.0 = Debug|Any CPU
		{73E09486-E851-4DB8-80C9-6D5499544784}.Debug|x86.ActiveCfg = Debug|Any CPU
		{73E09486-E851-4DB8-80C9-6D5499544784}.Debug|x86.Build.0 = Debug|Any CPU
		{73E09486-E851-4DB8-80C9-6D5499544784}.Release|Any CPU.ActiveCfg = Release|Any CPU
		{73E09486-E851-4DB8-80C9-6D5499544784}.Release|Any CPU.Build.0 = Release|Any CPU
		{73E09486-E851-4DB8-80C9-6D5499544784}.Release|ARM.ActiveCfg = Release|Any CPU
		{73E09486-E851-4DB8-80C9-6D5499544784}.Release|ARM.Build.0 = Release|Any CPU
		{73E09486-E851-4DB8-80C9-6D5499544784}.Release|ARM64.ActiveCfg = Release|Any CPU
		{73E09486-E851-4DB8-80C9-6D5499544784}.Release|ARM64.Build.0 = Release|Any CPU
		{73E09486-E851-4DB8-80C9-6D5499544784}.Release|iPhone.ActiveCfg = Release|Any CPU
		{73E09486-E851-4DB8-80C9-6D5499544784}.Release|iPhone.Build.0 = Release|Any CPU
		{73E09486-E851-4DB8-80C9-6D5499544784}.Release|iPhoneSimulator.ActiveCfg = Release|Any CPU
		{73E09486-E851-4DB8-80C9-6D5499544784}.Release|iPhoneSimulator.Build.0 = Release|Any CPU
		{73E09486-E851-4DB8-80C9-6D5499544784}.Release|x64.ActiveCfg = Release|Any CPU
		{73E09486-E851-4DB8-80C9-6D5499544784}.Release|x64.Build.0 = Release|Any CPU
		{73E09486-E851-4DB8-80C9-6D5499544784}.Release|x86.ActiveCfg = Release|Any CPU
		{73E09486-E851-4DB8-80C9-6D5499544784}.Release|x86.Build.0 = Release|Any CPU
	EndGlobalSection
	GlobalSection(SolutionProperties) = preSolution
		HideSolutionNode = FALSE
	EndGlobalSection
	GlobalSection(NestedProjects) = preSolution
		{D6D22E59-834C-4FC7-A3F2-83D24B5B837C} = {F706E75D-231A-4F10-AC82-9976247A49CE}
		{3E50EBE2-1399-486B-830B-7615C7AFD9D3} = {F706E75D-231A-4F10-AC82-9976247A49CE}
		{64121CCD-27AC-434A-8069-663A11EE5F53} = {F706E75D-231A-4F10-AC82-9976247A49CE}
		{C863A90E-E8FA-4AAB-A845-349DF16D30C5} = {F706E75D-231A-4F10-AC82-9976247A49CE}
		{1F192CF2-376D-4F2E-B60C-570CA8595F23} = {F706E75D-231A-4F10-AC82-9976247A49CE}
		{7E728690-12EF-4F2A-B231-3648120FC561} = {F706E75D-231A-4F10-AC82-9976247A49CE}
		{4BEF4BF8-7A93-4048-BB09-3DCB2F8EE15F} = {F706E75D-231A-4F10-AC82-9976247A49CE}
		{4932F04F-7B20-4D87-8B8B-FF7BD454ABBE} = {F706E75D-231A-4F10-AC82-9976247A49CE}
		{264A685B-EF87-4921-9DA8-1559DD15B099} = {F706E75D-231A-4F10-AC82-9976247A49CE}
	EndGlobalSection
	GlobalSection(ExtensibilityGlobals) = postSolution
		SolutionGuid = {24EBC474-5887-4CA3-835E-0514D3058C70}
	EndGlobalSection
EndGlobal
